
Microsoft Visual Studio Solution File, Format Version 12.00
# Visual Studio Version 16
VisualStudioVersion = 16.0.28315.86
MinimumVisualStudioVersion = 10.0.40219.1
Project("{2150E333-8FDC-42A3-9474-1A3956D46DE8}") = "Engine", "Engine", "{683839CD-B3FB-47E3-8EE6-0459E7AB84F4}"
EndProject
Project("{2150E333-8FDC-42A3-9474-1A3956D46DE8}") = "Games", "Games", "{E0060E20-F028-46C3-BC5D-8CF1F7BC803E}"
EndProject
Project("{8BC9CEB8-8B4A-11D0-8D11-00A0C91BC942}") = "UE4", "Intermediate\ProjectFiles\UE4.vcxproj", "{2D69819D-2755-4DC4-9AB3-9E1E4D181FA6}"
EndProject
Project("{8BC9CEB8-8B4A-11D0-8D11-00A0C91BC942}") = "Test2", "Intermediate\ProjectFiles\Test2.vcxproj", "{0A2E4F8B-2F0C-484C-B366-EA216D422FAE}"
EndProject
Project("{2150E333-8FDC-42A3-9474-1A3956D46DE8}") = "Visualizers", "Visualizers", "{C2408CA5-C0FF-4BE9-BE63-7B2A924A5525}"
	ProjectSection(SolutionItems) = preProject
		..\..\..\..\..\..\Program Files\Epic Games\UE_4.24\Engine\Extras\VisualStudioDebugging\UE4.natvis = ..\..\..\..\..\..\Program Files\Epic Games\UE_4.24\Engine\Extras\VisualStudioDebugging\UE4.natvis
	EndProjectSection
EndProject
Global
	GlobalSection(SolutionConfigurationPlatforms) = preSolution
		DebugGame Editor|Win32 = DebugGame Editor|Win32
		DebugGame Editor|Win64 = DebugGame Editor|Win64
		DebugGame|Win32 = DebugGame|Win32
		DebugGame|Win64 = DebugGame|Win64
		Development Editor|Win32 = Development Editor|Win32
		Development Editor|Win64 = Development Editor|Win64
		Development|Win32 = Development|Win32
		Development|Win64 = Development|Win64
		Shipping|Win32 = Shipping|Win32
		Shipping|Win64 = Shipping|Win64
	EndGlobalSection
	GlobalSection(ProjectConfigurationPlatforms) = postSolution
		{2D69819D-2755-4DC4-9AB3-9E1E4D181FA6}.DebugGame Editor|Win32.ActiveCfg = BuiltWithUnrealBuildTool|Win32
		{2D69819D-2755-4DC4-9AB3-9E1E4D181FA6}.DebugGame Editor|Win64.ActiveCfg = BuiltWithUnrealBuildTool|Win32
		{2D69819D-2755-4DC4-9AB3-9E1E4D181FA6}.DebugGame|Win32.ActiveCfg = BuiltWithUnrealBuildTool|Win32
		{2D69819D-2755-4DC4-9AB3-9E1E4D181FA6}.DebugGame|Win64.ActiveCfg = BuiltWithUnrealBuildTool|Win32
		{2D69819D-2755-4DC4-9AB3-9E1E4D181FA6}.Development Editor|Win32.ActiveCfg = BuiltWithUnrealBuildTool|Win32
		{2D69819D-2755-4DC4-9AB3-9E1E4D181FA6}.Development Editor|Win64.ActiveCfg = BuiltWithUnrealBuildTool|Win32
		{2D69819D-2755-4DC4-9AB3-9E1E4D181FA6}.Development|Win32.ActiveCfg = BuiltWithUnrealBuildTool|Win32
		{2D69819D-2755-4DC4-9AB3-9E1E4D181FA6}.Development|Win64.ActiveCfg = BuiltWithUnrealBuildTool|Win32
		{2D69819D-2755-4DC4-9AB3-9E1E4D181FA6}.Shipping|Win32.ActiveCfg = BuiltWithUnrealBuildTool|Win32
		{2D69819D-2755-4DC4-9AB3-9E1E4D181FA6}.Shipping|Win64.ActiveCfg = BuiltWithUnrealBuildTool|Win32
		{0A2E4F8B-2F0C-484C-B366-EA216D422FAE}.DebugGame Editor|Win32.ActiveCfg = Invalid|Win32
		{0A2E4F8B-2F0C-484C-B366-EA216D422FAE}.DebugGame Editor|Win64.ActiveCfg = DebugGame_Editor|x64
		{0A2E4F8B-2F0C-484C-B366-EA216D422FAE}.DebugGame Editor|Win64.Build.0 = DebugGame_Editor|x64
		{0A2E4F8B-2F0C-484C-B366-EA216D422FAE}.DebugGame|Win32.ActiveCfg = DebugGame|Win32
		{0A2E4F8B-2F0C-484C-B366-EA216D422FAE}.DebugGame|Win32.Build.0 = DebugGame|Win32
		{0A2E4F8B-2F0C-484C-B366-EA216D422FAE}.DebugGame|Win64.ActiveCfg = DebugGame|x64
		{0A2E4F8B-2F0C-484C-B366-EA216D422FAE}.DebugGame|Win64.Build.0 = DebugGame|x64
		{0A2E4F8B-2F0C-484C-B366-EA216D422FAE}.Development Editor|Win32.ActiveCfg = Invalid|Win32
		{0A2E4F8B-2F0C-484C-B366-EA216D422FAE}.Development Editor|Win64.ActiveCfg = Development_Editor|x64
		{0A2E4F8B-2F0C-484C-B366-EA216D422FAE}.Development Editor|Win64.Build.0 = Development_Editor|x64
		{0A2E4F8B-2F0C-484C-B366-EA216D422FAE}.Development|Win32.ActiveCfg = Development|Win32
		{0A2E4F8B-2F0C-484C-B366-EA216D422FAE}.Development|Win32.Build.0 = Development|Win32
		{0A2E4F8B-2F0C-484C-B366-EA216D422FAE}.Development|Win64.ActiveCfg = Development|x64
		{0A2E4F8B-2F0C-484C-B366-EA216D422FAE}.Development|Win64.Build.0 = Development|x64
		{0A2E4F8B-2F0C-484C-B366-EA216D422FAE}.Shipping|Win32.ActiveCfg = Shipping|Win32
		{0A2E4F8B-2F0C-484C-B366-EA216D422FAE}.Shipping|Win32.Build.0 = Shipping|Win32
		{0A2E4F8B-2F0C-484C-B366-EA216D422FAE}.Shipping|Win64.ActiveCfg = Shipping|x64
		{0A2E4F8B-2F0C-484C-B366-EA216D422FAE}.Shipping|Win64.Build.0 = Shipping|x64
	EndGlobalSection
	GlobalSection(SolutionProperties) = preSolution
		HideSolutionNode = FALSE
	EndGlobalSection
	GlobalSection(NestedProjects) = preSolution
		{2D69819D-2755-4DC4-9AB3-9E1E4D181FA6} = {683839CD-B3FB-47E3-8EE6-0459E7AB84F4}
		{0A2E4F8B-2F0C-484C-B366-EA216D422FAE} = {E0060E20-F028-46C3-BC5D-8CF1F7BC803E}
	EndGlobalSection
EndGlobal
